
Microsoft Visual Studio Solution File, Format Version 12.00
# Visual Studio Version 17
VisualStudioVersion = 17.14.37111.16 d17.14
MinimumVisualStudioVersion = 10.0.40219.1
Project("{FAE04EC0-301F-11D3-BF4B-00C04F79EFBC}") = "BankApp", "BankApp\BankApp.csproj", "{8B1B9CCE-3179-4A7E-AD30-ED76DBC4D166}"
EndProject
Global
	GlobalSection(SolutionConfigurationPlatforms) = preSolution
		Debug|Any CPU = Debug|Any CPU
		Release|Any CPU = Release|Any CPU
	EndGlobalSection
	GlobalSection(ProjectConfigurationPlatforms) = postSolution
		{8B1B9CCE-3179-4A7E-AD30-ED76DBC4D166}.Debug|Any CPU.ActiveCfg = Debug|Any CPU
		{8B1B9CCE-3179-4A7E-AD30-ED76DBC4D166}.Debug|Any CPU.Build.0 = Debug|Any CPU
		{8B1B9CCE-3179-4A7E-AD30-ED76DBC4D166}.Release|Any CPU.ActiveCfg = Release|Any CPU
		{8B1B9CCE-3179-4A7E-AD30-ED76DBC4D166}.Release|Any CPU.Build.0 = Release|Any CPU
	EndGlobalSection
	GlobalSection(SolutionProperties) = preSolution
		HideSolutionNode = FALSE
	EndGlobalSection
	GlobalSection(ExtensibilityGlobals) = postSolution
		SolutionGuid = {F9BB2F9C-9E77-4A2E-96B5-AA0E2E4C650C}
	EndGlobalSection
EndGlobal
